
Microsoft Visual Studio Solution File, Format Version 12.00
# Visual Studio 15
VisualStudioVersion = 15.0.28306.52
MinimumVisualStudioVersion = 10.0.40219.1
Project("{FAE04EC0-301F-11D3-BF4B-00C04F79EFBC}") = "MiroirConnecte", "MiroirConnecte\MiroirConnecte.csproj", "{066453FD-EA70-44F1-ADBE-31857C2AE513}"
EndProject
Global
	GlobalSection(SolutionConfigurationPlatforms) = preSolution
		Debug|ARM = Debug|ARM
		Debug|ARM64 = Debug|ARM64
		Debug|x64 = Debug|x64
		Debug|x86 = Debug|x86
		Release|ARM = Release|ARM
		Release|ARM64 = Release|ARM64
		Release|x64 = Release|x64
		Release|x86 = Release|x86
	EndGlobalSection
	GlobalSection(ProjectConfigurationPlatforms) = postSolution
		{066453FD-EA70-44F1-ADBE-31857C2AE513}.Debug|ARM.ActiveCfg = Debug|ARM
		{066453FD-EA70-44F1-ADBE-31857C2AE513}.Debug|ARM.Build.0 = Debug|ARM
		{066453FD-EA70-44F1-ADBE-31857C2AE513}.Debug|ARM.Deploy.0 = Debug|ARM
		{066453FD-EA70-44F1-ADBE-31857C2AE513}.Debug|ARM64.ActiveCfg = Debug|ARM64
		{066453FD-EA70-44F1-ADBE-31857C2AE513}.Debug|ARM64.Build.0 = Debug|ARM64
		{066453FD-EA70-44F1-ADBE-31857C2AE513}.Debug|ARM64.Deploy.0 = Debug|ARM64
		{066453FD-EA70-44F1-ADBE-31857C2AE513}.Debug|x64.ActiveCfg = Debug|x64
		{066453FD-EA70-44F1-ADBE-31857C2AE513}.Debug|x64.Build.0 = Debug|x64
		{066453FD-EA70-44F1-ADBE-31857C2AE513}.Debug|x64.Deploy.0 = Debug|x64
		{066453FD-EA70-44F1-ADBE-31857C2AE513}.Debug|x86.ActiveCfg = Debug|x86
		{066453FD-EA70-44F1-ADBE-31857C2AE513}.Debug|x86.Build.0 = Debug|x86
		{066453FD-EA70-44F1-ADBE-31857C2AE513}.Debug|x86.Deploy.0 = Debug|x86
		{066453FD-EA70-44F1-ADBE-31857C2AE513}.Release|ARM.ActiveCfg = Release|ARM
		{066453FD-EA70-44F1-ADBE-31857C2AE513}.Release|ARM.Build.0 = Release|ARM
		{066453FD-EA70-44F1-ADBE-31857C2AE513}.Release|ARM.Deploy.0 = Release|ARM
		{066453FD-EA70-44F1-ADBE-31857C2AE513}.Release|ARM64.ActiveCfg = Release|ARM64
		{066453FD-EA70-44F1-ADBE-31857C2AE513}.Release|ARM64.Build.0 = Release|ARM64
		{066453FD-EA70-44F1-ADBE-31857C2AE513}.Release|ARM64.Deploy.0 = Release|ARM64
		{066453FD-EA70-44F1-ADBE-31857C2AE513}.Release|x64.ActiveCfg = Release|x64
		{066453FD-EA70-44F1-ADBE-31857C2AE513}.Release|x64.Build.0 = Release|x64
		{066453FD-EA70-44F1-ADBE-31857C2AE513}.Release|x64.Deploy.0 = Release|x64
		{066453FD-EA70-44F1-ADBE-31857C2AE513}.Release|x86.ActiveCfg = Release|x86
		{066453FD-EA70-44F1-ADBE-31857C2AE513}.Release|x86.Build.0 = Release|x86
		{066453FD-EA70-44F1-ADBE-31857C2AE513}.Release|x86.Deploy.0 = Release|x86
	EndGlobalSection
	GlobalSection(SolutionProperties) = preSolution
		HideSolutionNode = FALSE
	EndGlobalSection
	GlobalSection(ExtensibilityGlobals) = postSolution
		SolutionGuid = {790A27C9-6648-47E6-A4A9-BA749D2EE2FD}
	EndGlobalSection
EndGlobal
